
Microsoft Visual Studio Solution File, Format Version 12.00
# Visual Studio Version 17
VisualStudioVersion = 17.9.34714.143
MinimumVisualStudioVersion = 10.0.40219.1
Project("{FAE04EC0-301F-11D3-BF4B-00C04F79EFBC}") = "ConsoleApp1GIT2", "ConsoleApp1GIT2\ConsoleApp1GIT2.csproj", "{AC95723B-A6BC-4739-8806-ED94FF53B03C}"
EndProject
Global
	GlobalSection(SolutionConfigurationPlatforms) = preSolution
		Debug|Any CPU = Debug|Any CPU
		Release|Any CPU = Release|Any CPU
	EndGlobalSection
	GlobalSection(ProjectConfigurationPlatforms) = postSolution
		{AC95723B-A6BC-4739-8806-ED94FF53B03C}.Debug|Any CPU.ActiveCfg = Debug|Any CPU
		{AC95723B-A6BC-4739-8806-ED94FF53B03C}.Debug|Any CPU.Build.0 = Debug|Any CPU
		{AC95723B-A6BC-4739-8806-ED94FF53B03C}.Release|Any CPU.ActiveCfg = Release|Any CPU
		{AC95723B-A6BC-4739-8806-ED94FF53B03C}.Release|Any CPU.Build.0 = Release|Any CPU
	EndGlobalSection
	GlobalSection(SolutionProperties) = preSolution
		HideSolutionNode = FALSE
	EndGlobalSection
	GlobalSection(ExtensibilityGlobals) = postSolution
		SolutionGuid = {96D191F9-578E-4BF7-A0EF-CEAA77E86051}
	EndGlobalSection
EndGlobal
